
Microsoft Visual Studio Solution File, Format Version 12.00
# Visual Studio Version 16
VisualStudioVersion = 16.0.810.22
MinimumVisualStudioVersion = 10.0.40219.1
Project("{FAE04EC0-301F-11D3-BF4B-00C04F79EFBC}") = "Homework1", "Homeworks\Homework1.csproj", "{8F417271-7F74-4814-8B0D-A3FC2432F367}"
EndProject
Project("{FAE04EC0-301F-11D3-BF4B-00C04F79EFBC}") = "Homework2", "Homework2\Homework2.csproj", "{D8A39620-6F2D-441A-B644-4CE5C27E126E}"
EndProject
Project("{FAE04EC0-301F-11D3-BF4B-00C04F79EFBC}") = "Homework_3", "Homework_3\Homework_3.csproj", "{9F0561C8-469D-4AF1-B8D5-954D14A3755F}"
EndProject
Global
	GlobalSection(SolutionConfigurationPlatforms) = preSolution
		Debug|Any CPU = Debug|Any CPU
		Release|Any CPU = Release|Any CPU
	EndGlobalSection
	GlobalSection(ProjectConfigurationPlatforms) = postSolution
		{8F417271-7F74-4814-8B0D-A3FC2432F367}.Debug|Any CPU.ActiveCfg = Debug|Any CPU
		{8F417271-7F74-4814-8B0D-A3FC2432F367}.Debug|Any CPU.Build.0 = Debug|Any CPU
		{8F417271-7F74-4814-8B0D-A3FC2432F367}.Release|Any CPU.ActiveCfg = Release|Any CPU
		{8F417271-7F74-4814-8B0D-A3FC2432F367}.Release|Any CPU.Build.0 = Release|Any CPU
		{D8A39620-6F2D-441A-B644-4CE5C27E126E}.Debug|Any CPU.ActiveCfg = Debug|Any CPU
		{D8A39620-6F2D-441A-B644-4CE5C27E126E}.Debug|Any CPU.Build.0 = Debug|Any CPU
		{D8A39620-6F2D-441A-B644-4CE5C27E126E}.Release|Any CPU.ActiveCfg = Release|Any CPU
		{D8A39620-6F2D-441A-B644-4CE5C27E126E}.Release|Any CPU.Build.0 = Release|Any CPU
		{9F0561C8-469D-4AF1-B8D5-954D14A3755F}.Debug|Any CPU.ActiveCfg = Debug|Any CPU
		{9F0561C8-469D-4AF1-B8D5-954D14A3755F}.Debug|Any CPU.Build.0 = Debug|Any CPU
		{9F0561C8-469D-4AF1-B8D5-954D14A3755F}.Release|Any CPU.ActiveCfg = Release|Any CPU
		{9F0561C8-469D-4AF1-B8D5-954D14A3755F}.Release|Any CPU.Build.0 = Release|Any CPU
	EndGlobalSection
	GlobalSection(SolutionProperties) = preSolution
		HideSolutionNode = FALSE
	EndGlobalSection
	GlobalSection(ExtensibilityGlobals) = postSolution
		SolutionGuid = {75ED9517-231E-4222-8122-998C011C1D69}
	EndGlobalSection
EndGlobal
